{
  "version": 4,
  "terraform_version": "0.12.17",
  "serial": 25,
  "lineage": "8782d4eb-559a-69d2-91f7-703a870749d3",
  "outputs": {
    "instance_id": {
      "value": "i-074555a9143efd733",
      "type": "string"
    },
    "instance_public_ip": {
      "value": "23.20.198.232",
      "type": "string"
    }
  },
  "resources": [
    {
      "mode": "managed",
      "type": "aws_instance",
      "name": "example",
      "provider": "provider.aws",
      "instances": [
        {
          "schema_version": 1,
          "attributes": {
            "ami": "ami-07f5c641c23596eb9",
            "arn": "arn:aws:ec2:us-east-1:993745358053:instance/i-074555a9143efd733",
            "associate_public_ip_address": true,
            "availability_zone": "us-east-1d",
            "cpu_core_count": 1,
            "cpu_threads_per_core": 1,
            "credit_specification": [
              {
                "cpu_credits": "standard"
              }
            ],
            "disable_api_termination": false,
            "ebs_block_device": [],
            "ebs_optimized": false,
            "enclave_options": [
              {
                "enabled": false
              }
            ],
            "ephemeral_block_device": [],
            "get_password_data": false,
            "hibernation": false,
            "host_id": null,
            "iam_instance_profile": "",
            "id": "i-074555a9143efd733",
            "instance_initiated_shutdown_behavior": null,
            "instance_state": "running",
            "instance_type": "t2.micro",
            "ipv6_address_count": 0,
            "ipv6_addresses": [],
            "key_name": "mykey",
            "metadata_options": [
              {
                "http_endpoint": "enabled",
                "http_put_response_hop_limit": 1,
                "http_tokens": "optional"
              }
            ],
            "monitoring": false,
            "network_interface": [],
            "outpost_arn": "",
            "password_data": "",
            "placement_group": "",
            "primary_network_interface_id": "eni-01e44fb892971133b",
            "private_dns": "ip-172-31-32-116.ec2.internal",
            "private_ip": "172.31.32.116",
            "public_dns": "ec2-23-20-198-232.compute-1.amazonaws.com",
            "public_ip": "23.20.198.232",
            "root_block_device": [
              {
                "delete_on_termination": true,
                "device_name": "/dev/sda1",
                "encrypted": false,
                "iops": 100,
                "kms_key_id": "",
                "tags": {},
                "throughput": 0,
                "volume_id": "vol-0f47398f240d438d5",
                "volume_size": 8,
                "volume_type": "gp2"
              }
            ],
            "secondary_private_ips": [],
            "security_groups": [
              "default"
            ],
            "source_dest_check": true,
            "subnet_id": "subnet-1840d447",
            "tags": null,
            "tenancy": "default",
            "timeouts": null,
            "user_data": null,
            "user_data_base64": null,
            "volume_tags": null,
            "vpc_security_group_ids": [
              "sg-1579811d"
            ]
          },
          "private": "eyJlMmJmYjczMC1lY2FhLTExZTYtOGY4OC0zNDM2M2JjN2M0YzAiOnsiY3JlYXRlIjo2MDAwMDAwMDAwMDAsImRlbGV0ZSI6MTIwMDAwMDAwMDAwMCwidXBkYXRlIjo2MDAwMDAwMDAwMDB9LCJzY2hlbWFfdmVyc2lvbiI6IjEifQ==",
          "dependencies": [
            "aws_key_pair.mykey"
          ]
        }
      ]
    },
    {
      "mode": "managed",
      "type": "aws_key_pair",
      "name": "mykey",
      "provider": "provider.aws",
      "instances": [
        {
          "schema_version": 1,
          "attributes": {
            "arn": "arn:aws:ec2:us-east-1:993745358053:key-pair/mykey",
            "fingerprint": "18:09:a9:19:b0:49:59:9f:7d:1d:bc:e7:0b:a2:77:51",
            "id": "mykey",
            "key_name": "mykey",
            "key_name_prefix": null,
            "key_pair_id": "key-0d684c40c37601c69",
            "public_key": "ssh-rsa AAAAB3NzaC1yc2EAAAADAQABAAABAQDE+rHvazYpfDZpFNcYCoC6N/FP0cEVO1ogmXoKai2ckrhrF4DT0tr/xICMbSBeoS1DNf61Uh/FVOqPTLIP5gkCMCScpS0y009SEtnH903O9JeTK5jihGJJy/EvF0e3OzSj6Iq7Wxh3roubcOIEO9zgw9tLFMzvbQhYpJbQzv8CxLMZlBsTXjqshWNsw02SDgjqqNH6cKiBbeqE8SPdHD89/l+/pi9nPduxDlKpBCBUVBzV+wkikDjNoWqRJWwkNm6ecMJcCfR40osWlBZFttlRshlFEB50TT1Mgz+4mRYcdC6gyxp5b3Vf25jqcECdwEelyZcBm2rH+QP3/cLRBeZ5 root@localhost.localdomain",
            "tags": null
          },
          "private": "eyJzY2hlbWFfdmVyc2lvbiI6IjEifQ=="
        }
      ]
    }
  ]
}
